
Microsoft Visual Studio Solution File, Format Version 12.00
# Visual Studio 15
Project("{FAE04EC0-301F-11D3-BF4B-00C04F79EFBC}") = "dependencyInversion", "dependencyInversion\dependencyInversion.csproj", "{513FE538-F499-4B9F-8696-33D931416FF5}"
EndProject
Global
	GlobalSection(SolutionConfigurationPlatforms) = preSolution
		Debug|Any CPU = Debug|Any CPU
		Release|Any CPU = Release|Any CPU
	EndGlobalSection
	GlobalSection(ProjectConfigurationPlatforms) = postSolution
		{513FE538-F499-4B9F-8696-33D931416FF5}.Debug|Any CPU.ActiveCfg = Debug|Any CPU
		{513FE538-F499-4B9F-8696-33D931416FF5}.Debug|Any CPU.Build.0 = Debug|Any CPU
		{513FE538-F499-4B9F-8696-33D931416FF5}.Release|Any CPU.ActiveCfg = Release|Any CPU
		{513FE538-F499-4B9F-8696-33D931416FF5}.Release|Any CPU.Build.0 = Release|Any CPU
	EndGlobalSection
EndGlobal
