// !$*UTF8*$!
{
	archiveVersion = 1;
	classes = {
	};
	objectVersion = 50;
	objects = {

/* Begin PBXBuildFile section */
		AB0824AE223759FA007C2988 /* AppDelegate.swift in Sources */ = {isa = PBXBuildFile; fileRef = AB0824AD223759FA007C2988 /* AppDelegate.swift */; };
		AB0824B0223759FA007C2988 /* ViewController.swift in Sources */ = {isa = PBXBuildFile; fileRef = AB0824AF223759FA007C2988 /* ViewController.swift */; };
		AB0824B3223759FA007C2988 /* Main.storyboard in Resources */ = {isa = PBXBuildFile; fileRef = AB0824B1223759FA007C2988 /* Main.storyboard */; };
		AB0824B5223759FB007C2988 /* Assets.xcassets in Resources */ = {isa = PBXBuildFile; fileRef = AB0824B4223759FB007C2988 /* Assets.xcassets */; };
		AB0824B8223759FB007C2988 /* LaunchScreen.storyboard in Resources */ = {isa = PBXBuildFile; fileRef = AB0824B6223759FB007C2988 /* LaunchScreen.storyboard */; };
		AB0824C022375F2B007C2988 /* RouterPickerDelegate.swift in Sources */ = {isa = PBXBuildFile; fileRef = AB0824BF22375F2B007C2988 /* RouterPickerDelegate.swift */; };
		AB0824C3223763CE007C2988 /* Router.swift in Sources */ = {isa = PBXBuildFile; fileRef = AB0824C2223763CE007C2988 /* Router.swift */; };
		AB0824C5223763D6007C2988 /* RouterType.swift in Sources */ = {isa = PBXBuildFile; fileRef = AB0824C4223763D6007C2988 /* RouterType.swift */; };
		AB0824C7223765CA007C2988 /* RouterManager.swift in Sources */ = {isa = PBXBuildFile; fileRef = AB0824C6223765CA007C2988 /* RouterManager.swift */; };
		ABBB61C722376F0200254549 /* RouterProtocol.swift in Sources */ = {isa = PBXBuildFile; fileRef = ABBB61C622376F0200254549 /* RouterProtocol.swift */; };
		ABBB61C922376FF100254549 /* BasicRouter.swift in Sources */ = {isa = PBXBuildFile; fileRef = ABBB61C822376FF100254549 /* BasicRouter.swift */; };
		ABBB61CB223771BE00254549 /* DualRouter.swift in Sources */ = {isa = PBXBuildFile; fileRef = ABBB61CA223771BE00254549 /* DualRouter.swift */; };
		ABBB61CD223771E100254549 /* FancyRouter.swift in Sources */ = {isa = PBXBuildFile; fileRef = ABBB61CC223771E100254549 /* FancyRouter.swift */; };
		ABBB61CF223771FE00254549 /* DualFancyRouter.swift in Sources */ = {isa = PBXBuildFile; fileRef = ABBB61CE223771FE00254549 /* DualFancyRouter.swift */; };
/* End PBXBuildFile section */

/* Begin PBXFileReference section */
		AB0824AA223759FA007C2988 /* openClosed.app */ = {isa = PBXFileReference; explicitFileType = wrapper.application; includeInIndex = 0; path = openClosed.app; sourceTree = BUILT_PRODUCTS_DIR; };
		AB0824AD223759FA007C2988 /* AppDelegate.swift */ = {isa = PBXFileReference; lastKnownFileType = sourcecode.swift; path = AppDelegate.swift; sourceTree = "<group>"; };
		AB0824AF223759FA007C2988 /* ViewController.swift */ = {isa = PBXFileReference; lastKnownFileType = sourcecode.swift; path = ViewController.swift; sourceTree = "<group>"; };
		AB0824B2223759FA007C2988 /* Base */ = {isa = PBXFileReference; lastKnownFileType = file.storyboard; name = Base; path = Base.lproj/Main.storyboard; sourceTree = "<group>"; };
		AB0824B4223759FB007C2988 /* Assets.xcassets */ = {isa = PBXFileReference; lastKnownFileType = folder.assetcatalog; path = Assets.xcassets; sourceTree = "<group>"; };
		AB0824B7223759FB007C2988 /* Base */ = {isa = PBXFileReference; lastKnownFileType = file.storyboard; name = Base; path = Base.lproj/LaunchScreen.storyboard; sourceTree = "<group>"; };
		AB0824B9223759FB007C2988 /* Info.plist */ = {isa = PBXFileReference; lastKnownFileType = text.plist.xml; path = Info.plist; sourceTree = "<group>"; };
		AB0824BF22375F2B007C2988 /* RouterPickerDelegate.swift */ = {isa = PBXFileReference; lastKnownFileType = sourcecode.swift; path = RouterPickerDelegate.swift; sourceTree = "<group>"; };
		AB0824C2223763CE007C2988 /* Router.swift */ = {isa = PBXFileReference; lastKnownFileType = sourcecode.swift; path = Router.swift; sourceTree = "<group>"; };
		AB0824C4223763D6007C2988 /* RouterType.swift */ = {isa = PBXFileReference; lastKnownFileType = sourcecode.swift; path = RouterType.swift; sourceTree = "<group>"; };
		AB0824C6223765CA007C2988 /* RouterManager.swift */ = {isa = PBXFileReference; lastKnownFileType = sourcecode.swift; path = RouterManager.swift; sourceTree = "<group>"; };
		ABBB61C622376F0200254549 /* RouterProtocol.swift */ = {isa = PBXFileReference; lastKnownFileType = sourcecode.swift; path = RouterProtocol.swift; sourceTree = "<group>"; };
		ABBB61C822376FF100254549 /* BasicRouter.swift */ = {isa = PBXFileReference; lastKnownFileType = sourcecode.swift; path = BasicRouter.swift; sourceTree = "<group>"; };
		ABBB61CA223771BE00254549 /* DualRouter.swift */ = {isa = PBXFileReference; lastKnownFileType = sourcecode.swift; path = DualRouter.swift; sourceTree = "<group>"; };
		ABBB61CC223771E100254549 /* FancyRouter.swift */ = {isa = PBXFileReference; lastKnownFileType = sourcecode.swift; path = FancyRouter.swift; sourceTree = "<group>"; };
		ABBB61CE223771FE00254549 /* DualFancyRouter.swift */ = {isa = PBXFileReference; lastKnownFileType = sourcecode.swift; path = DualFancyRouter.swift; sourceTree = "<group>"; };
/* End PBXFileReference section */

/* Begin PBXFrameworksBuildPhase section */
		AB0824A7223759FA007C2988 /* Frameworks */ = {
			isa = PBXFrameworksBuildPhase;
			buildActionMask = 2147483647;
			files = (
			);
			runOnlyForDeploymentPostprocessing = 0;
		};
/* End PBXFrameworksBuildPhase section */

/* Begin PBXGroup section */
		AB0824A1223759F9007C2988 = {
			isa = PBXGroup;
			children = (
				AB0824AC223759FA007C2988 /* openClosed */,
				AB0824AB223759FA007C2988 /* Products */,
			);
			sourceTree = "<group>";
		};
		AB0824AB223759FA007C2988 /* Products */ = {
			isa = PBXGroup;
			children = (
				AB0824AA223759FA007C2988 /* openClosed.app */,
			);
			name = Products;
			sourceTree = "<group>";
		};
		AB0824AC223759FA007C2988 /* openClosed */ = {
			isa = PBXGroup;
			children = (
				AB0824C1223763A7007C2988 /* Routers */,
				AB0824AD223759FA007C2988 /* AppDelegate.swift */,
				AB0824BF22375F2B007C2988 /* RouterPickerDelegate.swift */,
				AB0824AF223759FA007C2988 /* ViewController.swift */,
				AB0824B1223759FA007C2988 /* Main.storyboard */,
				AB0824B4223759FB007C2988 /* Assets.xcassets */,
				AB0824B6223759FB007C2988 /* LaunchScreen.storyboard */,
				AB0824B9223759FB007C2988 /* Info.plist */,
			);
			path = openClosed;
			sourceTree = "<group>";
		};
		AB0824C1223763A7007C2988 /* Routers */ = {
			isa = PBXGroup;
			children = (
				AB0824C2223763CE007C2988 /* Router.swift */,
				AB0824C4223763D6007C2988 /* RouterType.swift */,
				AB0824C6223765CA007C2988 /* RouterManager.swift */,
				ABBB61C622376F0200254549 /* RouterProtocol.swift */,
				ABBB61C822376FF100254549 /* BasicRouter.swift */,
				ABBB61CA223771BE00254549 /* DualRouter.swift */,
				ABBB61CC223771E100254549 /* FancyRouter.swift */,
				ABBB61CE223771FE00254549 /* DualFancyRouter.swift */,
			);
			path = Routers;
			sourceTree = "<group>";
		};
/* End PBXGroup section */

/* Begin PBXNativeTarget section */
		AB0824A9223759FA007C2988 /* openClosed */ = {
			isa = PBXNativeTarget;
			buildConfigurationList = AB0824BC223759FB007C2988 /* Build configuration list for PBXNativeTarget "openClosed" */;
			buildPhases = (
				AB0824A6223759FA007C2988 /* Sources */,
				AB0824A7223759FA007C2988 /* Frameworks */,
				AB0824A8223759FA007C2988 /* Resources */,
			);
			buildRules = (
			);
			dependencies = (
			);
			name = openClosed;
			productName = openClosed;
			productReference = AB0824AA223759FA007C2988 /* openClosed.app */;
			productType = "com.apple.product-type.application";
		};
/* End PBXNativeTarget section */

/* Begin PBXProject section */
		AB0824A2223759FA007C2988 /* Project object */ = {
			isa = PBXProject;
			attributes = {
				LastSwiftUpdateCheck = 1010;
				LastUpgradeCheck = 1010;
				ORGANIZATIONNAME = me;
				TargetAttributes = {
					AB0824A9223759FA007C2988 = {
						CreatedOnToolsVersion = 10.1;
					};
				};
			};
			buildConfigurationList = AB0824A5223759FA007C2988 /* Build configuration list for PBXProject "openClosed" */;
			compatibilityVersion = "Xcode 9.3";
			developmentRegion = en;
			hasScannedForEncodings = 0;
			knownRegions = (
				en,
				Base,
			);
			mainGroup = AB0824A1223759F9007C2988;
			productRefGroup = AB0824AB223759FA007C2988 /* Products */;
			projectDirPath = "";
			projectRoot = "";
			targets = (
				AB0824A9223759FA007C2988 /* openClosed */,
			);
		};
/* End PBXProject section */

/* Begin PBXResourcesBuildPhase section */
		AB0824A8223759FA007C2988 /* Resources */ = {
			isa = PBXResourcesBuildPhase;
			buildActionMask = 2147483647;
			files = (
				AB0824B8223759FB007C2988 /* LaunchScreen.storyboard in Resources */,
				AB0824B5223759FB007C2988 /* Assets.xcassets in Resources */,
				AB0824B3223759FA007C2988 /* Main.storyboard in Resources */,
			);
			runOnlyForDeploymentPostprocessing = 0;
		};
/* End PBXResourcesBuildPhase section */

/* Begin PBXSourcesBuildPhase section */
		AB0824A6223759FA007C2988 /* Sources */ = {
			isa = PBXSourcesBuildPhase;
			buildActionMask = 2147483647;
			files = (
				AB0824C3223763CE007C2988 /* Router.swift in Sources */,
				ABBB61C722376F0200254549 /* RouterProtocol.swift in Sources */,
				ABBB61CD223771E100254549 /* FancyRouter.swift in Sources */,
				AB0824B0223759FA007C2988 /* ViewController.swift in Sources */,
				ABBB61CF223771FE00254549 /* DualFancyRouter.swift in Sources */,
				AB0824C5223763D6007C2988 /* RouterType.swift in Sources */,
				ABBB61CB223771BE00254549 /* DualRouter.swift in Sources */,
				AB0824C022375F2B007C2988 /* RouterPickerDelegate.swift in Sources */,
				AB0824C7223765CA007C2988 /* RouterManager.swift in Sources */,
				AB0824AE223759FA007C2988 /* AppDelegate.swift in Sources */,
				ABBB61C922376FF100254549 /* BasicRouter.swift in Sources */,
			);
			runOnlyForDeploymentPostprocessing = 0;
		};
/* End PBXSourcesBuildPhase section */

/* Begin PBXVariantGroup section */
		AB0824B1223759FA007C2988 /* Main.storyboard */ = {
			isa = PBXVariantGroup;
			children = (
				AB0824B2223759FA007C2988 /* Base */,
			);
			name = Main.storyboard;
			sourceTree = "<group>";
		};
		AB0824B6223759FB007C2988 /* LaunchScreen.storyboard */ = {
			isa = PBXVariantGroup;
			children = (
				AB0824B7223759FB007C2988 /* Base */,
			);
			name = LaunchScreen.storyboard;
			sourceTree = "<group>";
		};
/* End PBXVariantGroup section */

/* Begin XCBuildConfiguration section */
		AB0824BA223759FB007C2988 /* Debug */ = {
			isa = XCBuildConfiguration;
			buildSettings = {
				ALWAYS_SEARCH_USER_PATHS = NO;
				CLANG_ANALYZER_NONNULL = YES;
				CLANG_ANALYZER_NUMBER_OBJECT_CONVERSION = YES_AGGRESSIVE;
				CLANG_CXX_LANGUAGE_STANDARD = "gnu++14";
				CLANG_CXX_LIBRARY = "libc++";
				CLANG_ENABLE_MODULES = YES;
				CLANG_ENABLE_OBJC_ARC = YES;
				CLANG_ENABLE_OBJC_WEAK = YES;
				CLANG_WARN_BLOCK_CAPTURE_AUTORELEASING = YES;
				CLANG_WARN_BOOL_CONVERSION = YES;
				CLANG_WARN_COMMA = YES;
				CLANG_WARN_CONSTANT_CONVERSION = YES;
				CLANG_WARN_DEPRECATED_OBJC_IMPLEMENTATIONS = YES;
				CLANG_WARN_DIRECT_OBJC_ISA_USAGE = YES_ERROR;
				CLANG_WARN_DOCUMENTATION_COMMENTS = YES;
				CLANG_WARN_EMPTY_BODY = YES;
				CLANG_WARN_ENUM_CONVERSION = YES;
				CLANG_WARN_INFINITE_RECURSION = YES;
				CLANG_WARN_INT_CONVERSION = YES;
				CLANG_WARN_NON_LITERAL_NULL_CONVERSION = YES;
				CLANG_WARN_OBJC_IMPLICIT_RETAIN_SELF = YES;
				CLANG_WARN_OBJC_LITERAL_CONVERSION = YES;
				CLANG_WARN_OBJC_ROOT_CLASS = YES_ERROR;
				CLANG_WARN_RANGE_LOOP_ANALYSIS = YES;
				CLANG_WARN_STRICT_PROTOTYPES = YES;
				CLANG_WARN_SUSPICIOUS_MOVE = YES;
				CLANG_WARN_UNGUARDED_AVAILABILITY = YES_AGGRESSIVE;
				CLANG_WARN_UNREACHABLE_CODE = YES;
				CLANG_WARN__DUPLICATE_METHOD_MATCH = YES;
				CODE_SIGN_IDENTITY = "iPhone Developer";
				COPY_PHASE_STRIP = NO;
				DEBUG_INFORMATION_FORMAT = dwarf;
				ENABLE_STRICT_OBJC_MSGSEND = YES;
				ENABLE_TESTABILITY = YES;
				GCC_C_LANGUAGE_STANDARD = gnu11;
				GCC_DYNAMIC_NO_PIC = NO;
				GCC_NO_COMMON_BLOCKS = YES;
				GCC_OPTIMIZATION_LEVEL = 0;
				GCC_PREPROCESSOR_DEFINITIONS = (
					"DEBUG=1",
					"$(inherited)",
				);
				GCC_WARN_64_TO_32_BIT_CONVERSION = YES;
				GCC_WARN_ABOUT_RETURN_TYPE = YES_ERROR;
				GCC_WARN_UNDECLARED_SELECTOR = YES;
				GCC_WARN_UNINITIALIZED_AUTOS = YES_AGGRESSIVE;
				GCC_WARN_UNUSED_FUNCTION = YES;
				GCC_WARN_UNUSED_VARIABLE = YES;
				IPHONEOS_DEPLOYMENT_TARGET = 12.1;
				MTL_ENABLE_DEBUG_INFO = INCLUDE_SOURCE;
				MTL_FAST_MATH = YES;
				ONLY_ACTIVE_ARCH = YES;
				SDKROOT = iphoneos;
				SWIFT_ACTIVE_COMPILATION_CONDITIONS = DEBUG;
				SWIFT_OPTIMIZATION_LEVEL = "-Onone";
			};
			name = Debug;
		};
		AB0824BB223759FB007C2988 /* Release */ = {
			isa = XCBuildConfiguration;
			buildSettings = {
				ALWAYS_SEARCH_USER_PATHS = NO;
				CLANG_ANALYZER_NONNULL = YES;
				CLANG_ANALYZER_NUMBER_OBJECT_CONVERSION = YES_AGGRESSIVE;
				CLANG_CXX_LANGUAGE_STANDARD = "gnu++14";
				CLANG_CXX_LIBRARY = "libc++";
				CLANG_ENABLE_MODULES = YES;
				CLANG_ENABLE_OBJC_ARC = YES;
				CLANG_ENABLE_OBJC_WEAK = YES;
				CLANG_WARN_BLOCK_CAPTURE_AUTORELEASING = YES;
				CLANG_WARN_BOOL_CONVERSION = YES;
				CLANG_WARN_COMMA = YES;
				CLANG_WARN_CONSTANT_CONVERSION = YES;
				CLANG_WARN_DEPRECATED_OBJC_IMPLEMENTATIONS = YES;
				CLANG_WARN_DIRECT_OBJC_ISA_USAGE = YES_ERROR;
				CLANG_WARN_DOCUMENTATION_COMMENTS = YES;
				CLANG_WARN_EMPTY_BODY = YES;
				CLANG_WARN_ENUM_CONVERSION = YES;
				CLANG_WARN_INFINITE_RECURSION = YES;
				CLANG_WARN_INT_CONVERSION = YES;
				CLANG_WARN_NON_LITERAL_NULL_CONVERSION = YES;
				CLANG_WARN_OBJC_IMPLICIT_RETAIN_SELF = YES;
				CLANG_WARN_OBJC_LITERAL_CONVERSION = YES;
				CLANG_WARN_OBJC_ROOT_CLASS = YES_ERROR;
				CLANG_WARN_RANGE_LOOP_ANALYSIS = YES;
				CLANG_WARN_STRICT_PROTOTYPES = YES;
				CLANG_WARN_SUSPICIOUS_MOVE = YES;
				CLANG_WARN_UNGUARDED_AVAILABILITY = YES_AGGRESSIVE;
				CLANG_WARN_UNREACHABLE_CODE = YES;
				CLANG_WARN__DUPLICATE_METHOD_MATCH = YES;
				CODE_SIGN_IDENTITY = "iPhone Developer";
				COPY_PHASE_STRIP = NO;
				DEBUG_INFORMATION_FORMAT = "dwarf-with-dsym";
				ENABLE_NS_ASSERTIONS = NO;
				ENABLE_STRICT_OBJC_MSGSEND = YES;
				GCC_C_LANGUAGE_STANDARD = gnu11;
				GCC_NO_COMMON_BLOCKS = YES;
				GCC_WARN_64_TO_32_BIT_CONVERSION = YES;
				GCC_WARN_ABOUT_RETURN_TYPE = YES_ERROR;
				GCC_WARN_UNDECLARED_SELECTOR = YES;
				GCC_WARN_UNINITIALIZED_AUTOS = YES_AGGRESSIVE;
				GCC_WARN_UNUSED_FUNCTION = YES;
				GCC_WARN_UNUSED_VARIABLE = YES;
				IPHONEOS_DEPLOYMENT_TARGET = 12.1;
				MTL_ENABLE_DEBUG_INFO = NO;
				MTL_FAST_MATH = YES;
				SDKROOT = iphoneos;
				SWIFT_COMPILATION_MODE = wholemodule;
				SWIFT_OPTIMIZATION_LEVEL = "-O";
				VALIDATE_PRODUCT = YES;
			};
			name = Release;
		};
		AB0824BD223759FB007C2988 /* Debug */ = {
			isa = XCBuildConfiguration;
			buildSettings = {
				ASSETCATALOG_COMPILER_APPICON_NAME = AppIcon;
				CODE_SIGN_STYLE = Automatic;
				INFOPLIST_FILE = openClosed/Info.plist;
				LD_RUNPATH_SEARCH_PATHS = (
					"$(inherited)",
					"@executable_path/Frameworks",
				);
				PRODUCT_BUNDLE_IDENTIFIER = com.me.openClosed;
				PRODUCT_NAME = "$(TARGET_NAME)";
				SWIFT_VERSION = 4.2;
				TARGETED_DEVICE_FAMILY = "1,2";
			};
			name = Debug;
		};
		AB0824BE223759FB007C2988 /* Release */ = {
			isa = XCBuildConfiguration;
			buildSettings = {
				ASSETCATALOG_COMPILER_APPICON_NAME = AppIcon;
				CODE_SIGN_STYLE = Automatic;
				INFOPLIST_FILE = openClosed/Info.plist;
				LD_RUNPATH_SEARCH_PATHS = (
					"$(inherited)",
					"@executable_path/Frameworks",
				);
				PRODUCT_BUNDLE_IDENTIFIER = com.me.openClosed;
				PRODUCT_NAME = "$(TARGET_NAME)";
				SWIFT_VERSION = 4.2;
				TARGETED_DEVICE_FAMILY = "1,2";
			};
			name = Release;
		};
/* End XCBuildConfiguration section */

/* Begin XCConfigurationList section */
		AB0824A5223759FA007C2988 /* Build configuration list for PBXProject "openClosed" */ = {
			isa = XCConfigurationList;
			buildConfigurations = (
				AB0824BA223759FB007C2988 /* Debug */,
				AB0824BB223759FB007C2988 /* Release */,
			);
			defaultConfigurationIsVisible = 0;
			defaultConfigurationName = Release;
		};
		AB0824BC223759FB007C2988 /* Build configuration list for PBXNativeTarget "openClosed" */ = {
			isa = XCConfigurationList;
			buildConfigurations = (
				AB0824BD223759FB007C2988 /* Debug */,
				AB0824BE223759FB007C2988 /* Release */,
			);
			defaultConfigurationIsVisible = 0;
			defaultConfigurationName = Release;
		};
/* End XCConfigurationList section */
	};
	rootObject = AB0824A2223759FA007C2988 /* Project object */;
}
