// !$*UTF8*$!
{
	archiveVersion = 1;
	classes = {
	};
	objectVersion = 50;
	objects = {

/* Begin PBXBuildFile section */
		ABD61A9F222CE123002A750B /* AppDelegate.swift in Sources */ = {isa = PBXBuildFile; fileRef = ABD61A9E222CE123002A750B /* AppDelegate.swift */; };
		ABD61AA1222CE123002A750B /* ChannelerViewController.swift in Sources */ = {isa = PBXBuildFile; fileRef = ABD61AA0222CE123002A750B /* ChannelerViewController.swift */; };
		ABD61AA4222CE123002A750B /* Main.storyboard in Resources */ = {isa = PBXBuildFile; fileRef = ABD61AA2222CE123002A750B /* Main.storyboard */; };
		ABD61AA6222CE124002A750B /* Assets.xcassets in Resources */ = {isa = PBXBuildFile; fileRef = ABD61AA5222CE124002A750B /* Assets.xcassets */; };
		ABD61AA9222CE124002A750B /* LaunchScreen.storyboard in Resources */ = {isa = PBXBuildFile; fileRef = ABD61AA7222CE124002A750B /* LaunchScreen.storyboard */; };
		ABD61AB1222CE834002A750B /* Channeler.storyboard in Resources */ = {isa = PBXBuildFile; fileRef = ABD61AB0222CE834002A750B /* Channeler.storyboard */; };
		ABD61AB3222CE91A002A750B /* Channel.swift in Sources */ = {isa = PBXBuildFile; fileRef = ABD61AB2222CE91A002A750B /* Channel.swift */; };
/* End PBXBuildFile section */

/* Begin PBXFileReference section */
		ABD61A9B222CE123002A750B /* singleResponsibility.app */ = {isa = PBXFileReference; explicitFileType = wrapper.application; includeInIndex = 0; path = singleResponsibility.app; sourceTree = BUILT_PRODUCTS_DIR; };
		ABD61A9E222CE123002A750B /* AppDelegate.swift */ = {isa = PBXFileReference; lastKnownFileType = sourcecode.swift; path = AppDelegate.swift; sourceTree = "<group>"; };
		ABD61AA0222CE123002A750B /* ChannelerViewController.swift */ = {isa = PBXFileReference; lastKnownFileType = sourcecode.swift; path = ChannelerViewController.swift; sourceTree = "<group>"; };
		ABD61AA3222CE123002A750B /* Base */ = {isa = PBXFileReference; lastKnownFileType = file.storyboard; name = Base; path = Base.lproj/Main.storyboard; sourceTree = "<group>"; };
		ABD61AA5222CE124002A750B /* Assets.xcassets */ = {isa = PBXFileReference; lastKnownFileType = folder.assetcatalog; path = Assets.xcassets; sourceTree = "<group>"; };
		ABD61AA8222CE124002A750B /* Base */ = {isa = PBXFileReference; lastKnownFileType = file.storyboard; name = Base; path = Base.lproj/LaunchScreen.storyboard; sourceTree = "<group>"; };
		ABD61AAA222CE124002A750B /* Info.plist */ = {isa = PBXFileReference; lastKnownFileType = text.plist.xml; path = Info.plist; sourceTree = "<group>"; };
		ABD61AB0222CE834002A750B /* Channeler.storyboard */ = {isa = PBXFileReference; lastKnownFileType = file.storyboard; path = Channeler.storyboard; sourceTree = "<group>"; };
		ABD61AB2222CE91A002A750B /* Channel.swift */ = {isa = PBXFileReference; lastKnownFileType = sourcecode.swift; path = Channel.swift; sourceTree = "<group>"; };
/* End PBXFileReference section */

/* Begin PBXFrameworksBuildPhase section */
		ABD61A98222CE123002A750B /* Frameworks */ = {
			isa = PBXFrameworksBuildPhase;
			buildActionMask = 2147483647;
			files = (
			);
			runOnlyForDeploymentPostprocessing = 0;
		};
/* End PBXFrameworksBuildPhase section */

/* Begin PBXGroup section */
		ABD61A92222CE123002A750B = {
			isa = PBXGroup;
			children = (
				ABD61A9D222CE123002A750B /* singleResponsibility */,
				ABD61A9C222CE123002A750B /* Products */,
			);
			sourceTree = "<group>";
		};
		ABD61A9C222CE123002A750B /* Products */ = {
			isa = PBXGroup;
			children = (
				ABD61A9B222CE123002A750B /* singleResponsibility.app */,
			);
			name = Products;
			sourceTree = "<group>";
		};
		ABD61A9D222CE123002A750B /* singleResponsibility */ = {
			isa = PBXGroup;
			children = (
				ABD61A9E222CE123002A750B /* AppDelegate.swift */,
				ABD61AA0222CE123002A750B /* ChannelerViewController.swift */,
				ABD61AB2222CE91A002A750B /* Channel.swift */,
				ABD61AA2222CE123002A750B /* Main.storyboard */,
				ABD61AB0222CE834002A750B /* Channeler.storyboard */,
				ABD61AA5222CE124002A750B /* Assets.xcassets */,
				ABD61AA7222CE124002A750B /* LaunchScreen.storyboard */,
				ABD61AAA222CE124002A750B /* Info.plist */,
			);
			path = singleResponsibility;
			sourceTree = "<group>";
		};
/* End PBXGroup section */

/* Begin PBXNativeTarget section */
		ABD61A9A222CE123002A750B /* singleResponsibility */ = {
			isa = PBXNativeTarget;
			buildConfigurationList = ABD61AAD222CE124002A750B /* Build configuration list for PBXNativeTarget "singleResponsibility" */;
			buildPhases = (
				ABD61A97222CE123002A750B /* Sources */,
				ABD61A98222CE123002A750B /* Frameworks */,
				ABD61A99222CE123002A750B /* Resources */,
			);
			buildRules = (
			);
			dependencies = (
			);
			name = singleResponsibility;
			productName = singleResponsibility;
			productReference = ABD61A9B222CE123002A750B /* singleResponsibility.app */;
			productType = "com.apple.product-type.application";
		};
/* End PBXNativeTarget section */

/* Begin PBXProject section */
		ABD61A93222CE123002A750B /* Project object */ = {
			isa = PBXProject;
			attributes = {
				LastSwiftUpdateCheck = 1010;
				LastUpgradeCheck = 1010;
				ORGANIZATIONNAME = me;
				TargetAttributes = {
					ABD61A9A222CE123002A750B = {
						CreatedOnToolsVersion = 10.1;
					};
				};
			};
			buildConfigurationList = ABD61A96222CE123002A750B /* Build configuration list for PBXProject "singleResponsibility" */;
			compatibilityVersion = "Xcode 9.3";
			developmentRegion = en;
			hasScannedForEncodings = 0;
			knownRegions = (
				en,
				Base,
			);
			mainGroup = ABD61A92222CE123002A750B;
			productRefGroup = ABD61A9C222CE123002A750B /* Products */;
			projectDirPath = "";
			projectRoot = "";
			targets = (
				ABD61A9A222CE123002A750B /* singleResponsibility */,
			);
		};
/* End PBXProject section */

/* Begin PBXResourcesBuildPhase section */
		ABD61A99222CE123002A750B /* Resources */ = {
			isa = PBXResourcesBuildPhase;
			buildActionMask = 2147483647;
			files = (
				ABD61AA9222CE124002A750B /* LaunchScreen.storyboard in Resources */,
				ABD61AA6222CE124002A750B /* Assets.xcassets in Resources */,
				ABD61AA4222CE123002A750B /* Main.storyboard in Resources */,
				ABD61AB1222CE834002A750B /* Channeler.storyboard in Resources */,
			);
			runOnlyForDeploymentPostprocessing = 0;
		};
/* End PBXResourcesBuildPhase section */

/* Begin PBXSourcesBuildPhase section */
		ABD61A97222CE123002A750B /* Sources */ = {
			isa = PBXSourcesBuildPhase;
			buildActionMask = 2147483647;
			files = (
				ABD61AA1222CE123002A750B /* ChannelerViewController.swift in Sources */,
				ABD61AB3222CE91A002A750B /* Channel.swift in Sources */,
				ABD61A9F222CE123002A750B /* AppDelegate.swift in Sources */,
			);
			runOnlyForDeploymentPostprocessing = 0;
		};
/* End PBXSourcesBuildPhase section */

/* Begin PBXVariantGroup section */
		ABD61AA2222CE123002A750B /* Main.storyboard */ = {
			isa = PBXVariantGroup;
			children = (
				ABD61AA3222CE123002A750B /* Base */,
			);
			name = Main.storyboard;
			sourceTree = "<group>";
		};
		ABD61AA7222CE124002A750B /* LaunchScreen.storyboard */ = {
			isa = PBXVariantGroup;
			children = (
				ABD61AA8222CE124002A750B /* Base */,
			);
			name = LaunchScreen.storyboard;
			sourceTree = "<group>";
		};
/* End PBXVariantGroup section */

/* Begin XCBuildConfiguration section */
		ABD61AAB222CE124002A750B /* Debug */ = {
			isa = XCBuildConfiguration;
			buildSettings = {
				ALWAYS_SEARCH_USER_PATHS = NO;
				CLANG_ANALYZER_NONNULL = YES;
				CLANG_ANALYZER_NUMBER_OBJECT_CONVERSION = YES_AGGRESSIVE;
				CLANG_CXX_LANGUAGE_STANDARD = "gnu++14";
				CLANG_CXX_LIBRARY = "libc++";
				CLANG_ENABLE_MODULES = YES;
				CLANG_ENABLE_OBJC_ARC = YES;
				CLANG_ENABLE_OBJC_WEAK = YES;
				CLANG_WARN_BLOCK_CAPTURE_AUTORELEASING = YES;
				CLANG_WARN_BOOL_CONVERSION = YES;
				CLANG_WARN_COMMA = YES;
				CLANG_WARN_CONSTANT_CONVERSION = YES;
				CLANG_WARN_DEPRECATED_OBJC_IMPLEMENTATIONS = YES;
				CLANG_WARN_DIRECT_OBJC_ISA_USAGE = YES_ERROR;
				CLANG_WARN_DOCUMENTATION_COMMENTS = YES;
				CLANG_WARN_EMPTY_BODY = YES;
				CLANG_WARN_ENUM_CONVERSION = YES;
				CLANG_WARN_INFINITE_RECURSION = YES;
				CLANG_WARN_INT_CONVERSION = YES;
				CLANG_WARN_NON_LITERAL_NULL_CONVERSION = YES;
				CLANG_WARN_OBJC_IMPLICIT_RETAIN_SELF = YES;
				CLANG_WARN_OBJC_LITERAL_CONVERSION = YES;
				CLANG_WARN_OBJC_ROOT_CLASS = YES_ERROR;
				CLANG_WARN_RANGE_LOOP_ANALYSIS = YES;
				CLANG_WARN_STRICT_PROTOTYPES = YES;
				CLANG_WARN_SUSPICIOUS_MOVE = YES;
				CLANG_WARN_UNGUARDED_AVAILABILITY = YES_AGGRESSIVE;
				CLANG_WARN_UNREACHABLE_CODE = YES;
				CLANG_WARN__DUPLICATE_METHOD_MATCH = YES;
				CODE_SIGN_IDENTITY = "iPhone Developer";
				COPY_PHASE_STRIP = NO;
				DEBUG_INFORMATION_FORMAT = dwarf;
				ENABLE_STRICT_OBJC_MSGSEND = YES;
				ENABLE_TESTABILITY = YES;
				GCC_C_LANGUAGE_STANDARD = gnu11;
				GCC_DYNAMIC_NO_PIC = NO;
				GCC_NO_COMMON_BLOCKS = YES;
				GCC_OPTIMIZATION_LEVEL = 0;
				GCC_PREPROCESSOR_DEFINITIONS = (
					"DEBUG=1",
					"$(inherited)",
				);
				GCC_WARN_64_TO_32_BIT_CONVERSION = YES;
				GCC_WARN_ABOUT_RETURN_TYPE = YES_ERROR;
				GCC_WARN_UNDECLARED_SELECTOR = YES;
				GCC_WARN_UNINITIALIZED_AUTOS = YES_AGGRESSIVE;
				GCC_WARN_UNUSED_FUNCTION = YES;
				GCC_WARN_UNUSED_VARIABLE = YES;
				IPHONEOS_DEPLOYMENT_TARGET = 12.1;
				MTL_ENABLE_DEBUG_INFO = INCLUDE_SOURCE;
				MTL_FAST_MATH = YES;
				ONLY_ACTIVE_ARCH = YES;
				SDKROOT = iphoneos;
				SWIFT_ACTIVE_COMPILATION_CONDITIONS = DEBUG;
				SWIFT_OPTIMIZATION_LEVEL = "-Onone";
			};
			name = Debug;
		};
		ABD61AAC222CE124002A750B /* Release */ = {
			isa = XCBuildConfiguration;
			buildSettings = {
				ALWAYS_SEARCH_USER_PATHS = NO;
				CLANG_ANALYZER_NONNULL = YES;
				CLANG_ANALYZER_NUMBER_OBJECT_CONVERSION = YES_AGGRESSIVE;
				CLANG_CXX_LANGUAGE_STANDARD = "gnu++14";
				CLANG_CXX_LIBRARY = "libc++";
				CLANG_ENABLE_MODULES = YES;
				CLANG_ENABLE_OBJC_ARC = YES;
				CLANG_ENABLE_OBJC_WEAK = YES;
				CLANG_WARN_BLOCK_CAPTURE_AUTORELEASING = YES;
				CLANG_WARN_BOOL_CONVERSION = YES;
				CLANG_WARN_COMMA = YES;
				CLANG_WARN_CONSTANT_CONVERSION = YES;
				CLANG_WARN_DEPRECATED_OBJC_IMPLEMENTATIONS = YES;
				CLANG_WARN_DIRECT_OBJC_ISA_USAGE = YES_ERROR;
				CLANG_WARN_DOCUMENTATION_COMMENTS = YES;
				CLANG_WARN_EMPTY_BODY = YES;
				CLANG_WARN_ENUM_CONVERSION = YES;
				CLANG_WARN_INFINITE_RECURSION = YES;
				CLANG_WARN_INT_CONVERSION = YES;
				CLANG_WARN_NON_LITERAL_NULL_CONVERSION = YES;
				CLANG_WARN_OBJC_IMPLICIT_RETAIN_SELF = YES;
				CLANG_WARN_OBJC_LITERAL_CONVERSION = YES;
				CLANG_WARN_OBJC_ROOT_CLASS = YES_ERROR;
				CLANG_WARN_RANGE_LOOP_ANALYSIS = YES;
				CLANG_WARN_STRICT_PROTOTYPES = YES;
				CLANG_WARN_SUSPICIOUS_MOVE = YES;
				CLANG_WARN_UNGUARDED_AVAILABILITY = YES_AGGRESSIVE;
				CLANG_WARN_UNREACHABLE_CODE = YES;
				CLANG_WARN__DUPLICATE_METHOD_MATCH = YES;
				CODE_SIGN_IDENTITY = "iPhone Developer";
				COPY_PHASE_STRIP = NO;
				DEBUG_INFORMATION_FORMAT = "dwarf-with-dsym";
				ENABLE_NS_ASSERTIONS = NO;
				ENABLE_STRICT_OBJC_MSGSEND = YES;
				GCC_C_LANGUAGE_STANDARD = gnu11;
				GCC_NO_COMMON_BLOCKS = YES;
				GCC_WARN_64_TO_32_BIT_CONVERSION = YES;
				GCC_WARN_ABOUT_RETURN_TYPE = YES_ERROR;
				GCC_WARN_UNDECLARED_SELECTOR = YES;
				GCC_WARN_UNINITIALIZED_AUTOS = YES_AGGRESSIVE;
				GCC_WARN_UNUSED_FUNCTION = YES;
				GCC_WARN_UNUSED_VARIABLE = YES;
				IPHONEOS_DEPLOYMENT_TARGET = 12.1;
				MTL_ENABLE_DEBUG_INFO = NO;
				MTL_FAST_MATH = YES;
				SDKROOT = iphoneos;
				SWIFT_COMPILATION_MODE = wholemodule;
				SWIFT_OPTIMIZATION_LEVEL = "-O";
				VALIDATE_PRODUCT = YES;
			};
			name = Release;
		};
		ABD61AAE222CE124002A750B /* Debug */ = {
			isa = XCBuildConfiguration;
			buildSettings = {
				ASSETCATALOG_COMPILER_APPICON_NAME = AppIcon;
				CODE_SIGN_STYLE = Automatic;
				INFOPLIST_FILE = singleResponsibility/Info.plist;
				LD_RUNPATH_SEARCH_PATHS = (
					"$(inherited)",
					"@executable_path/Frameworks",
				);
				PRODUCT_BUNDLE_IDENTIFIER = com.me.singleResponsibility;
				PRODUCT_NAME = "$(TARGET_NAME)";
				SWIFT_VERSION = 4.2;
				TARGETED_DEVICE_FAMILY = "1,2";
			};
			name = Debug;
		};
		ABD61AAF222CE124002A750B /* Release */ = {
			isa = XCBuildConfiguration;
			buildSettings = {
				ASSETCATALOG_COMPILER_APPICON_NAME = AppIcon;
				CODE_SIGN_STYLE = Automatic;
				INFOPLIST_FILE = singleResponsibility/Info.plist;
				LD_RUNPATH_SEARCH_PATHS = (
					"$(inherited)",
					"@executable_path/Frameworks",
				);
				PRODUCT_BUNDLE_IDENTIFIER = com.me.singleResponsibility;
				PRODUCT_NAME = "$(TARGET_NAME)";
				SWIFT_VERSION = 4.2;
				TARGETED_DEVICE_FAMILY = "1,2";
			};
			name = Release;
		};
/* End XCBuildConfiguration section */

/* Begin XCConfigurationList section */
		ABD61A96222CE123002A750B /* Build configuration list for PBXProject "singleResponsibility" */ = {
			isa = XCConfigurationList;
			buildConfigurations = (
				ABD61AAB222CE124002A750B /* Debug */,
				ABD61AAC222CE124002A750B /* Release */,
			);
			defaultConfigurationIsVisible = 0;
			defaultConfigurationName = Release;
		};
		ABD61AAD222CE124002A750B /* Build configuration list for PBXNativeTarget "singleResponsibility" */ = {
			isa = XCConfigurationList;
			buildConfigurations = (
				ABD61AAE222CE124002A750B /* Debug */,
				ABD61AAF222CE124002A750B /* Release */,
			);
			defaultConfigurationIsVisible = 0;
			defaultConfigurationName = Release;
		};
/* End XCConfigurationList section */
	};
	rootObject = ABD61A93222CE123002A750B /* Project object */;
}
